// !$*UTF8*$!
{
	archiveVersion = 1;
	classes = {
	};
	objectVersion = 50;
	objects = {

/* Begin PBXBuildFile section */
		202EC671241F65C500E1570F /* TabBarController.swift in Sources */ = {isa = PBXBuildFile; fileRef = 202EC670241F65C500E1570F /* TabBarController.swift */; };
		202EC674241F694600E1570F /* FixturesListViewModel.swift in Sources */ = {isa = PBXBuildFile; fileRef = 202EC673241F694600E1570F /* FixturesListViewModel.swift */; };
		202EC676241F6A1200E1570F /* Match.swift in Sources */ = {isa = PBXBuildFile; fileRef = 202EC675241F6A1200E1570F /* Match.swift */; };
		202EC679241F71C200E1570F /* Extensions.swift in Sources */ = {isa = PBXBuildFile; fileRef = 202EC678241F71C200E1570F /* Extensions.swift */; };
		202EC67B241F7C2600E1570F /* FixturesViewController.xib in Resources */ = {isa = PBXBuildFile; fileRef = 202EC67A241F7C2600E1570F /* FixturesViewController.xib */; };
		202EC67E241F7D3700E1570F /* NibIdentifiable.swift in Sources */ = {isa = PBXBuildFile; fileRef = 202EC67D241F7D3700E1570F /* NibIdentifiable.swift */; };
		202EC680241F7F7600E1570F /* ClassIdentifiable.swift in Sources */ = {isa = PBXBuildFile; fileRef = 202EC67F241F7F7600E1570F /* ClassIdentifiable.swift */; };
		202EC682241F7FBF00E1570F /* UITableView+Identifiable.swift in Sources */ = {isa = PBXBuildFile; fileRef = 202EC681241F7FBF00E1570F /* UITableView+Identifiable.swift */; };
		202EC684241F7FDA00E1570F /* UICollectionView+Identifiable.swift in Sources */ = {isa = PBXBuildFile; fileRef = 202EC683241F7FDA00E1570F /* UICollectionView+Identifiable.swift */; };
		202EC687241F826400E1570F /* MatchViewModel.swift in Sources */ = {isa = PBXBuildFile; fileRef = 202EC686241F826400E1570F /* MatchViewModel.swift */; };
		202EC68A241F828D00E1570F /* MatchTableViewCell.swift in Sources */ = {isa = PBXBuildFile; fileRef = 202EC688241F828D00E1570F /* MatchTableViewCell.swift */; };
		202EC68B241F828D00E1570F /* MatchTableViewCell.xib in Resources */ = {isa = PBXBuildFile; fileRef = 202EC689241F828D00E1570F /* MatchTableViewCell.xib */; };
		20C22BC2241FAA29006C0ED9 /* CompetitionsViewController.swift in Sources */ = {isa = PBXBuildFile; fileRef = 20C22BC0241FAA29006C0ED9 /* CompetitionsViewController.swift */; };
		20C22BC3241FAA29006C0ED9 /* CompetitionsViewController.xib in Resources */ = {isa = PBXBuildFile; fileRef = 20C22BC1241FAA29006C0ED9 /* CompetitionsViewController.xib */; };
		20C22BC5241FAD4C006C0ED9 /* CompetitionsListViewModel.swift in Sources */ = {isa = PBXBuildFile; fileRef = 20C22BC4241FAD4C006C0ED9 /* CompetitionsListViewModel.swift */; };
		20C22BCD241FB3C7006C0ED9 /* CompetitionCell.swift in Sources */ = {isa = PBXBuildFile; fileRef = 20C22BCB241FB3C7006C0ED9 /* CompetitionCell.swift */; };
		20C22BCE241FB3C7006C0ED9 /* CompetitionCell.xib in Resources */ = {isa = PBXBuildFile; fileRef = 20C22BCC241FB3C7006C0ED9 /* CompetitionCell.xib */; };
		20C22BD2241FB6D4006C0ED9 /* CompetitionInfoViewController.swift in Sources */ = {isa = PBXBuildFile; fileRef = 20C22BD0241FB6D4006C0ED9 /* CompetitionInfoViewController.swift */; };
		20C22BD3241FB6D4006C0ED9 /* CompetitionInfoViewController.xib in Resources */ = {isa = PBXBuildFile; fileRef = 20C22BD1241FB6D4006C0ED9 /* CompetitionInfoViewController.xib */; };
		20C22BD5241FBA3B006C0ED9 /* CompetitionInfoViewModel.swift in Sources */ = {isa = PBXBuildFile; fileRef = 20C22BD4241FBA3B006C0ED9 /* CompetitionInfoViewModel.swift */; };
		20C22BD9241FBE87006C0ED9 /* CompetitionInfoCell.swift in Sources */ = {isa = PBXBuildFile; fileRef = 20C22BD7241FBE87006C0ED9 /* CompetitionInfoCell.swift */; };
		20C22BDA241FBE87006C0ED9 /* CompetitionInfoCell.xib in Resources */ = {isa = PBXBuildFile; fileRef = 20C22BD8241FBE87006C0ED9 /* CompetitionInfoCell.xib */; };
		20C2A00C241F5968008AFC88 /* AppDelegate.swift in Sources */ = {isa = PBXBuildFile; fileRef = 20C2A00B241F5968008AFC88 /* AppDelegate.swift */; };
		20C2A010241F5968008AFC88 /* FixturesViewController.swift in Sources */ = {isa = PBXBuildFile; fileRef = 20C2A00F241F5968008AFC88 /* FixturesViewController.swift */; };
		20C2A013241F5968008AFC88 /* Main.storyboard in Resources */ = {isa = PBXBuildFile; fileRef = 20C2A011241F5968008AFC88 /* Main.storyboard */; };
		20C2A015241F5969008AFC88 /* Assets.xcassets in Resources */ = {isa = PBXBuildFile; fileRef = 20C2A014241F5969008AFC88 /* Assets.xcassets */; };
		20C2A018241F5969008AFC88 /* LaunchScreen.storyboard in Resources */ = {isa = PBXBuildFile; fileRef = 20C2A016241F5969008AFC88 /* LaunchScreen.storyboard */; };
		20C2A025241F5C8E008AFC88 /* Endpoints.swift in Sources */ = {isa = PBXBuildFile; fileRef = 20C2A024241F5C8E008AFC88 /* Endpoints.swift */; };
		20C2A027241F5CB0008AFC88 /* NetworkService.swift in Sources */ = {isa = PBXBuildFile; fileRef = 20C2A026241F5CB0008AFC88 /* NetworkService.swift */; };
		20C2A02A241F5E77008AFC88 /* Competition.swift in Sources */ = {isa = PBXBuildFile; fileRef = 20C2A029241F5E77008AFC88 /* Competition.swift */; };
		20C2A02C241F6274008AFC88 /* Constants.swift in Sources */ = {isa = PBXBuildFile; fileRef = 20C2A02B241F6274008AFC88 /* Constants.swift */; };
		20C2A034241F64DB008AFC88 /* SterlingAssessmentUnitTests.swift in Sources */ = {isa = PBXBuildFile; fileRef = 20C2A033241F64DB008AFC88 /* SterlingAssessmentUnitTests.swift */; };
/* End PBXBuildFile section */

/* Begin PBXContainerItemProxy section */
		20C2A036241F64DB008AFC88 /* PBXContainerItemProxy */ = {
			isa = PBXContainerItemProxy;
			containerPortal = 20C2A000241F5968008AFC88 /* Project object */;
			proxyType = 1;
			remoteGlobalIDString = 20C2A007241F5968008AFC88;
			remoteInfo = SterlingAssessment;
		};
/* End PBXContainerItemProxy section */

/* Begin PBXFileReference section */
		202EC670241F65C500E1570F /* TabBarController.swift */ = {isa = PBXFileReference; lastKnownFileType = sourcecode.swift; path = TabBarController.swift; sourceTree = "<group>"; };
		202EC673241F694600E1570F /* FixturesListViewModel.swift */ = {isa = PBXFileReference; lastKnownFileType = sourcecode.swift; path = FixturesListViewModel.swift; sourceTree = "<group>"; };
		202EC675241F6A1200E1570F /* Match.swift */ = {isa = PBXFileReference; lastKnownFileType = sourcecode.swift; path = Match.swift; sourceTree = "<group>"; };
		202EC678241F71C200E1570F /* Extensions.swift */ = {isa = PBXFileReference; lastKnownFileType = sourcecode.swift; path = Extensions.swift; sourceTree = "<group>"; };
		202EC67A241F7C2600E1570F /* FixturesViewController.xib */ = {isa = PBXFileReference; lastKnownFileType = file.xib; path = FixturesViewController.xib; sourceTree = "<group>"; };
		202EC67D241F7D3700E1570F /* NibIdentifiable.swift */ = {isa = PBXFileReference; lastKnownFileType = sourcecode.swift; path = NibIdentifiable.swift; sourceTree = "<group>"; };
		202EC67F241F7F7600E1570F /* ClassIdentifiable.swift */ = {isa = PBXFileReference; lastKnownFileType = sourcecode.swift; path = ClassIdentifiable.swift; sourceTree = "<group>"; };
		202EC681241F7FBF00E1570F /* UITableView+Identifiable.swift */ = {isa = PBXFileReference; lastKnownFileType = sourcecode.swift; path = "UITableView+Identifiable.swift"; sourceTree = "<group>"; };
		202EC683241F7FDA00E1570F /* UICollectionView+Identifiable.swift */ = {isa = PBXFileReference; lastKnownFileType = sourcecode.swift; path = "UICollectionView+Identifiable.swift"; sourceTree = "<group>"; };
		202EC686241F826400E1570F /* MatchViewModel.swift */ = {isa = PBXFileReference; lastKnownFileType = sourcecode.swift; path = MatchViewModel.swift; sourceTree = "<group>"; };
		202EC688241F828D00E1570F /* MatchTableViewCell.swift */ = {isa = PBXFileReference; lastKnownFileType = sourcecode.swift; path = MatchTableViewCell.swift; sourceTree = "<group>"; };
		202EC689241F828D00E1570F /* MatchTableViewCell.xib */ = {isa = PBXFileReference; lastKnownFileType = file.xib; path = MatchTableViewCell.xib; sourceTree = "<group>"; };
		20C22BC0241FAA29006C0ED9 /* CompetitionsViewController.swift */ = {isa = PBXFileReference; lastKnownFileType = sourcecode.swift; path = CompetitionsViewController.swift; sourceTree = "<group>"; };
		20C22BC1241FAA29006C0ED9 /* CompetitionsViewController.xib */ = {isa = PBXFileReference; lastKnownFileType = file.xib; path = CompetitionsViewController.xib; sourceTree = "<group>"; };
		20C22BC4241FAD4C006C0ED9 /* CompetitionsListViewModel.swift */ = {isa = PBXFileReference; lastKnownFileType = sourcecode.swift; path = CompetitionsListViewModel.swift; sourceTree = "<group>"; };
		20C22BCB241FB3C7006C0ED9 /* CompetitionCell.swift */ = {isa = PBXFileReference; lastKnownFileType = sourcecode.swift; path = CompetitionCell.swift; sourceTree = "<group>"; };
		20C22BCC241FB3C7006C0ED9 /* CompetitionCell.xib */ = {isa = PBXFileReference; lastKnownFileType = file.xib; path = CompetitionCell.xib; sourceTree = "<group>"; };
		20C22BD0241FB6D4006C0ED9 /* CompetitionInfoViewController.swift */ = {isa = PBXFileReference; lastKnownFileType = sourcecode.swift; path = CompetitionInfoViewController.swift; sourceTree = "<group>"; };
		20C22BD1241FB6D4006C0ED9 /* CompetitionInfoViewController.xib */ = {isa = PBXFileReference; lastKnownFileType = file.xib; path = CompetitionInfoViewController.xib; sourceTree = "<group>"; };
		20C22BD4241FBA3B006C0ED9 /* CompetitionInfoViewModel.swift */ = {isa = PBXFileReference; lastKnownFileType = sourcecode.swift; path = CompetitionInfoViewModel.swift; sourceTree = "<group>"; };
		20C22BD7241FBE87006C0ED9 /* CompetitionInfoCell.swift */ = {isa = PBXFileReference; lastKnownFileType = sourcecode.swift; path = CompetitionInfoCell.swift; sourceTree = "<group>"; };
		20C22BD8241FBE87006C0ED9 /* CompetitionInfoCell.xib */ = {isa = PBXFileReference; lastKnownFileType = file.xib; path = CompetitionInfoCell.xib; sourceTree = "<group>"; };
		20C2A008241F5968008AFC88 /* SterlingAssessment.app */ = {isa = PBXFileReference; explicitFileType = wrapper.application; includeInIndex = 0; path = SterlingAssessment.app; sourceTree = BUILT_PRODUCTS_DIR; };
		20C2A00B241F5968008AFC88 /* AppDelegate.swift */ = {isa = PBXFileReference; lastKnownFileType = sourcecode.swift; path = AppDelegate.swift; sourceTree = "<group>"; };
		20C2A00F241F5968008AFC88 /* FixturesViewController.swift */ = {isa = PBXFileReference; lastKnownFileType = sourcecode.swift; path = FixturesViewController.swift; sourceTree = "<group>"; };
		20C2A012241F5968008AFC88 /* Base */ = {isa = PBXFileReference; lastKnownFileType = file.storyboard; name = Base; path = Base.lproj/Main.storyboard; sourceTree = "<group>"; };
		20C2A014241F5969008AFC88 /* Assets.xcassets */ = {isa = PBXFileReference; lastKnownFileType = folder.assetcatalog; path = Assets.xcassets; sourceTree = "<group>"; };
		20C2A017241F5969008AFC88 /* Base */ = {isa = PBXFileReference; lastKnownFileType = file.storyboard; name = Base; path = Base.lproj/LaunchScreen.storyboard; sourceTree = "<group>"; };
		20C2A019241F5969008AFC88 /* Info.plist */ = {isa = PBXFileReference; lastKnownFileType = text.plist.xml; path = Info.plist; sourceTree = "<group>"; };
		20C2A024241F5C8E008AFC88 /* Endpoints.swift */ = {isa = PBXFileReference; lastKnownFileType = sourcecode.swift; path = Endpoints.swift; sourceTree = "<group>"; };
		20C2A026241F5CB0008AFC88 /* NetworkService.swift */ = {isa = PBXFileReference; lastKnownFileType = sourcecode.swift; path = NetworkService.swift; sourceTree = "<group>"; };
		20C2A029241F5E77008AFC88 /* Competition.swift */ = {isa = PBXFileReference; lastKnownFileType = sourcecode.swift; path = Competition.swift; sourceTree = "<group>"; };
		20C2A02B241F6274008AFC88 /* Constants.swift */ = {isa = PBXFileReference; lastKnownFileType = sourcecode.swift; path = Constants.swift; sourceTree = "<group>"; };
		20C2A031241F64DB008AFC88 /* SterlingAssessmentUnitTests.xctest */ = {isa = PBXFileReference; explicitFileType = wrapper.cfbundle; includeInIndex = 0; path = SterlingAssessmentUnitTests.xctest; sourceTree = BUILT_PRODUCTS_DIR; };
		20C2A033241F64DB008AFC88 /* SterlingAssessmentUnitTests.swift */ = {isa = PBXFileReference; lastKnownFileType = sourcecode.swift; path = SterlingAssessmentUnitTests.swift; sourceTree = "<group>"; };
		20C2A035241F64DB008AFC88 /* Info.plist */ = {isa = PBXFileReference; lastKnownFileType = text.plist.xml; path = Info.plist; sourceTree = "<group>"; };
/* End PBXFileReference section */

/* Begin PBXFrameworksBuildPhase section */
		20C2A005241F5968008AFC88 /* Frameworks */ = {
			isa = PBXFrameworksBuildPhase;
			buildActionMask = 2147483647;
			files = (
			);
			runOnlyForDeploymentPostprocessing = 0;
		};
		20C2A02E241F64DB008AFC88 /* Frameworks */ = {
			isa = PBXFrameworksBuildPhase;
			buildActionMask = 2147483647;
			files = (
			);
			runOnlyForDeploymentPostprocessing = 0;
		};
/* End PBXFrameworksBuildPhase section */

/* Begin PBXGroup section */
		202EC672241F691A00E1570F /* Fixtures */ = {
			isa = PBXGroup;
			children = (
				202EC685241F7FEF00E1570F /* Cell */,
				202EC673241F694600E1570F /* FixturesListViewModel.swift */,
				20C2A00F241F5968008AFC88 /* FixturesViewController.swift */,
				202EC67A241F7C2600E1570F /* FixturesViewController.xib */,
			);
			path = Fixtures;
			sourceTree = "<group>";
		};
		202EC677241F71AF00E1570F /* Utils */ = {
			isa = PBXGroup;
			children = (
				202EC67C241F7D2800E1570F /* Identifiable */,
				202EC678241F71C200E1570F /* Extensions.swift */,
			);
			path = Utils;
			sourceTree = "<group>";
		};
		202EC67C241F7D2800E1570F /* Identifiable */ = {
			isa = PBXGroup;
			children = (
				202EC67D241F7D3700E1570F /* NibIdentifiable.swift */,
				202EC67F241F7F7600E1570F /* ClassIdentifiable.swift */,
				202EC681241F7FBF00E1570F /* UITableView+Identifiable.swift */,
				202EC683241F7FDA00E1570F /* UICollectionView+Identifiable.swift */,
			);
			path = Identifiable;
			sourceTree = "<group>";
		};
		202EC685241F7FEF00E1570F /* Cell */ = {
			isa = PBXGroup;
			children = (
				202EC686241F826400E1570F /* MatchViewModel.swift */,
				202EC688241F828D00E1570F /* MatchTableViewCell.swift */,
				202EC689241F828D00E1570F /* MatchTableViewCell.xib */,
			);
			path = Cell;
			sourceTree = "<group>";
		};
		20C22BBF241FA9EB006C0ED9 /* Competitions */ = {
			isa = PBXGroup;
			children = (
				20C22BC6241FB073006C0ED9 /* Cell */,
				20C22BC4241FAD4C006C0ED9 /* CompetitionsListViewModel.swift */,
				20C22BC0241FAA29006C0ED9 /* CompetitionsViewController.swift */,
				20C22BC1241FAA29006C0ED9 /* CompetitionsViewController.xib */,
			);
			path = Competitions;
			sourceTree = "<group>";
		};
		20C22BC6241FB073006C0ED9 /* Cell */ = {
			isa = PBXGroup;
			children = (
				20C22BCB241FB3C7006C0ED9 /* CompetitionCell.swift */,
				20C22BCC241FB3C7006C0ED9 /* CompetitionCell.xib */,
			);
			path = Cell;
			sourceTree = "<group>";
		};
		20C22BCF241FB663006C0ED9 /* CompetitionInfo */ = {
			isa = PBXGroup;
			children = (
				20C22BD6241FBAFD006C0ED9 /* Cell */,
				20C22BD4241FBA3B006C0ED9 /* CompetitionInfoViewModel.swift */,
				20C22BD0241FB6D4006C0ED9 /* CompetitionInfoViewController.swift */,
				20C22BD1241FB6D4006C0ED9 /* CompetitionInfoViewController.xib */,
			);
			path = CompetitionInfo;
			sourceTree = "<group>";
		};
		20C22BD6241FBAFD006C0ED9 /* Cell */ = {
			isa = PBXGroup;
			children = (
				20C22BD7241FBE87006C0ED9 /* CompetitionInfoCell.swift */,
				20C22BD8241FBE87006C0ED9 /* CompetitionInfoCell.xib */,
			);
			path = Cell;
			sourceTree = "<group>";
		};
		20C29FFF241F5968008AFC88 = {
			isa = PBXGroup;
			children = (
				20C2A00A241F5968008AFC88 /* SterlingAssessment */,
				20C2A032241F64DB008AFC88 /* SterlingAssessmentUnitTests */,
				20C2A009241F5968008AFC88 /* Products */,
			);
			sourceTree = "<group>";
		};
		20C2A009241F5968008AFC88 /* Products */ = {
			isa = PBXGroup;
			children = (
				20C2A008241F5968008AFC88 /* SterlingAssessment.app */,
				20C2A031241F64DB008AFC88 /* SterlingAssessmentUnitTests.xctest */,
			);
			name = Products;
			sourceTree = "<group>";
		};
		20C2A00A241F5968008AFC88 /* SterlingAssessment */ = {
			isa = PBXGroup;
			children = (
				20C2A021241F59D5008AFC88 /* Commons */,
				20C2A022241F59DB008AFC88 /* Screens */,
				20C2A028241F5D2D008AFC88 /* Models */,
				20C2A023241F5C44008AFC88 /* Network Service */,
				202EC677241F71AF00E1570F /* Utils */,
				20C2A020241F59B6008AFC88 /* Supporting Files */,
				20C2A01F241F59A0008AFC88 /* Resources */,
			);
			path = SterlingAssessment;
			sourceTree = "<group>";
		};
		20C2A01F241F59A0008AFC88 /* Resources */ = {
			isa = PBXGroup;
			children = (
				20C2A014241F5969008AFC88 /* Assets.xcassets */,
			);
			path = Resources;
			sourceTree = "<group>";
		};
		20C2A020241F59B6008AFC88 /* Supporting Files */ = {
			isa = PBXGroup;
			children = (
				20C2A011241F5968008AFC88 /* Main.storyboard */,
				20C2A016241F5969008AFC88 /* LaunchScreen.storyboard */,
				20C2A019241F5969008AFC88 /* Info.plist */,
			);
			path = "Supporting Files";
			sourceTree = "<group>";
		};
		20C2A021241F59D5008AFC88 /* Commons */ = {
			isa = PBXGroup;
			children = (
				20C2A00B241F5968008AFC88 /* AppDelegate.swift */,
				20C2A02B241F6274008AFC88 /* Constants.swift */,
			);
			path = Commons;
			sourceTree = "<group>";
		};
		20C2A022241F59DB008AFC88 /* Screens */ = {
			isa = PBXGroup;
			children = (
				202EC670241F65C500E1570F /* TabBarController.swift */,
				202EC672241F691A00E1570F /* Fixtures */,
				20C22BBF241FA9EB006C0ED9 /* Competitions */,
				20C22BCF241FB663006C0ED9 /* CompetitionInfo */,
			);
			path = Screens;
			sourceTree = "<group>";
		};
		20C2A023241F5C44008AFC88 /* Network Service */ = {
			isa = PBXGroup;
			children = (
				20C2A024241F5C8E008AFC88 /* Endpoints.swift */,
				20C2A026241F5CB0008AFC88 /* NetworkService.swift */,
			);
			path = "Network Service";
			sourceTree = "<group>";
		};
		20C2A028241F5D2D008AFC88 /* Models */ = {
			isa = PBXGroup;
			children = (
				20C2A029241F5E77008AFC88 /* Competition.swift */,
				202EC675241F6A1200E1570F /* Match.swift */,
			);
			path = Models;
			sourceTree = "<group>";
		};
		20C2A032241F64DB008AFC88 /* SterlingAssessmentUnitTests */ = {
			isa = PBXGroup;
			children = (
				20C2A033241F64DB008AFC88 /* SterlingAssessmentUnitTests.swift */,
				20C2A035241F64DB008AFC88 /* Info.plist */,
			);
			path = SterlingAssessmentUnitTests;
			sourceTree = "<group>";
		};
/* End PBXGroup section */

/* Begin PBXNativeTarget section */
		20C2A007241F5968008AFC88 /* SterlingAssessment */ = {
			isa = PBXNativeTarget;
			buildConfigurationList = 20C2A01C241F5969008AFC88 /* Build configuration list for PBXNativeTarget "SterlingAssessment" */;
			buildPhases = (
				20C2A004241F5968008AFC88 /* Sources */,
				20C2A005241F5968008AFC88 /* Frameworks */,
				20C2A006241F5968008AFC88 /* Resources */,
			);
			buildRules = (
			);
			dependencies = (
			);
			name = SterlingAssessment;
			productName = SterlingAssessment;
			productReference = 20C2A008241F5968008AFC88 /* SterlingAssessment.app */;
			productType = "com.apple.product-type.application";
		};
		20C2A030241F64DB008AFC88 /* SterlingAssessmentUnitTests */ = {
			isa = PBXNativeTarget;
			buildConfigurationList = 20C2A038241F64DB008AFC88 /* Build configuration list for PBXNativeTarget "SterlingAssessmentUnitTests" */;
			buildPhases = (
				20C2A02D241F64DB008AFC88 /* Sources */,
				20C2A02E241F64DB008AFC88 /* Frameworks */,
				20C2A02F241F64DB008AFC88 /* Resources */,
			);
			buildRules = (
			);
			dependencies = (
				20C2A037241F64DB008AFC88 /* PBXTargetDependency */,
			);
			name = SterlingAssessmentUnitTests;
			productName = SterlingAssessmentUnitTests;
			productReference = 20C2A031241F64DB008AFC88 /* SterlingAssessmentUnitTests.xctest */;
			productType = "com.apple.product-type.bundle.unit-test";
		};
/* End PBXNativeTarget section */

/* Begin PBXProject section */
		20C2A000241F5968008AFC88 /* Project object */ = {
			isa = PBXProject;
			attributes = {
				LastSwiftUpdateCheck = 1130;
				LastUpgradeCheck = 1130;
				ORGANIZATIONNAME = "Oluwatobi Omotayo";
				TargetAttributes = {
					20C2A007241F5968008AFC88 = {
						CreatedOnToolsVersion = 11.3.1;
					};
					20C2A030241F64DB008AFC88 = {
						CreatedOnToolsVersion = 11.3.1;
						TestTargetID = 20C2A007241F5968008AFC88;
					};
				};
			};
			buildConfigurationList = 20C2A003241F5968008AFC88 /* Build configuration list for PBXProject "SterlingAssessment" */;
			compatibilityVersion = "Xcode 9.3";
			developmentRegion = en;
			hasScannedForEncodings = 0;
			knownRegions = (
				en,
				Base,
			);
			mainGroup = 20C29FFF241F5968008AFC88;
			productRefGroup = 20C2A009241F5968008AFC88 /* Products */;
			projectDirPath = "";
			projectRoot = "";
			targets = (
				20C2A007241F5968008AFC88 /* SterlingAssessment */,
				20C2A030241F64DB008AFC88 /* SterlingAssessmentUnitTests */,
			);
		};
/* End PBXProject section */

/* Begin PBXResourcesBuildPhase section */
		20C2A006241F5968008AFC88 /* Resources */ = {
			isa = PBXResourcesBuildPhase;
			buildActionMask = 2147483647;
			files = (
				20C22BD3241FB6D4006C0ED9 /* CompetitionInfoViewController.xib in Resources */,
				20C22BDA241FBE87006C0ED9 /* CompetitionInfoCell.xib in Resources */,
				20C22BCE241FB3C7006C0ED9 /* CompetitionCell.xib in Resources */,
				202EC68B241F828D00E1570F /* MatchTableViewCell.xib in Resources */,
				202EC67B241F7C2600E1570F /* FixturesViewController.xib in Resources */,
				20C22BC3241FAA29006C0ED9 /* CompetitionsViewController.xib in Resources */,
				20C2A018241F5969008AFC88 /* LaunchScreen.storyboard in Resources */,
				20C2A015241F5969008AFC88 /* Assets.xcassets in Resources */,
				20C2A013241F5968008AFC88 /* Main.storyboard in Resources */,
			);
			runOnlyForDeploymentPostprocessing = 0;
		};
		20C2A02F241F64DB008AFC88 /* Resources */ = {
			isa = PBXResourcesBuildPhase;
			buildActionMask = 2147483647;
			files = (
			);
			runOnlyForDeploymentPostprocessing = 0;
		};
/* End PBXResourcesBuildPhase section */

/* Begin PBXSourcesBuildPhase section */
		20C2A004241F5968008AFC88 /* Sources */ = {
			isa = PBXSourcesBuildPhase;
			buildActionMask = 2147483647;
			files = (
				20C22BD2241FB6D4006C0ED9 /* CompetitionInfoViewController.swift in Sources */,
				202EC684241F7FDA00E1570F /* UICollectionView+Identifiable.swift in Sources */,
				202EC680241F7F7600E1570F /* ClassIdentifiable.swift in Sources */,
				20C22BC5241FAD4C006C0ED9 /* CompetitionsListViewModel.swift in Sources */,
				20C22BD5241FBA3B006C0ED9 /* CompetitionInfoViewModel.swift in Sources */,
				202EC674241F694600E1570F /* FixturesListViewModel.swift in Sources */,
				202EC68A241F828D00E1570F /* MatchTableViewCell.swift in Sources */,
				20C2A010241F5968008AFC88 /* FixturesViewController.swift in Sources */,
				20C2A02A241F5E77008AFC88 /* Competition.swift in Sources */,
				20C22BCD241FB3C7006C0ED9 /* CompetitionCell.swift in Sources */,
				20C22BC2241FAA29006C0ED9 /* CompetitionsViewController.swift in Sources */,
				20C2A025241F5C8E008AFC88 /* Endpoints.swift in Sources */,
				20C2A027241F5CB0008AFC88 /* NetworkService.swift in Sources */,
				202EC687241F826400E1570F /* MatchViewModel.swift in Sources */,
				202EC679241F71C200E1570F /* Extensions.swift in Sources */,
				202EC676241F6A1200E1570F /* Match.swift in Sources */,
				202EC671241F65C500E1570F /* TabBarController.swift in Sources */,
				20C22BD9241FBE87006C0ED9 /* CompetitionInfoCell.swift in Sources */,
				20C2A00C241F5968008AFC88 /* AppDelegate.swift in Sources */,
				202EC682241F7FBF00E1570F /* UITableView+Identifiable.swift in Sources */,
				20C2A02C241F6274008AFC88 /* Constants.swift in Sources */,
				202EC67E241F7D3700E1570F /* NibIdentifiable.swift in Sources */,
			);
			runOnlyForDeploymentPostprocessing = 0;
		};
		20C2A02D241F64DB008AFC88 /* Sources */ = {
			isa = PBXSourcesBuildPhase;
			buildActionMask = 2147483647;
			files = (
				20C2A034241F64DB008AFC88 /* SterlingAssessmentUnitTests.swift in Sources */,
			);
			runOnlyForDeploymentPostprocessing = 0;
		};
/* End PBXSourcesBuildPhase section */

/* Begin PBXTargetDependency section */
		20C2A037241F64DB008AFC88 /* PBXTargetDependency */ = {
			isa = PBXTargetDependency;
			target = 20C2A007241F5968008AFC88 /* SterlingAssessment */;
			targetProxy = 20C2A036241F64DB008AFC88 /* PBXContainerItemProxy */;
		};
/* End PBXTargetDependency section */

/* Begin PBXVariantGroup section */
		20C2A011241F5968008AFC88 /* Main.storyboard */ = {
			isa = PBXVariantGroup;
			children = (
				20C2A012241F5968008AFC88 /* Base */,
			);
			name = Main.storyboard;
			sourceTree = "<group>";
		};
		20C2A016241F5969008AFC88 /* LaunchScreen.storyboard */ = {
			isa = PBXVariantGroup;
			children = (
				20C2A017241F5969008AFC88 /* Base */,
			);
			name = LaunchScreen.storyboard;
			sourceTree = "<group>";
		};
/* End PBXVariantGroup section */

/* Begin XCBuildConfiguration section */
		20C2A01A241F5969008AFC88 /* Debug */ = {
			isa = XCBuildConfiguration;
			buildSettings = {
				ALWAYS_SEARCH_USER_PATHS = NO;
				CLANG_ANALYZER_NONNULL = YES;
				CLANG_ANALYZER_NUMBER_OBJECT_CONVERSION = YES_AGGRESSIVE;
				CLANG_CXX_LANGUAGE_STANDARD = "gnu++14";
				CLANG_CXX_LIBRARY = "libc++";
				CLANG_ENABLE_MODULES = YES;
				CLANG_ENABLE_OBJC_ARC = YES;
				CLANG_ENABLE_OBJC_WEAK = YES;
				CLANG_WARN_BLOCK_CAPTURE_AUTORELEASING = YES;
				CLANG_WARN_BOOL_CONVERSION = YES;
				CLANG_WARN_COMMA = YES;
				CLANG_WARN_CONSTANT_CONVERSION = YES;
				CLANG_WARN_DEPRECATED_OBJC_IMPLEMENTATIONS = YES;
				CLANG_WARN_DIRECT_OBJC_ISA_USAGE = YES_ERROR;
				CLANG_WARN_DOCUMENTATION_COMMENTS = YES;
				CLANG_WARN_EMPTY_BODY = YES;
				CLANG_WARN_ENUM_CONVERSION = YES;
				CLANG_WARN_INFINITE_RECURSION = YES;
				CLANG_WARN_INT_CONVERSION = YES;
				CLANG_WARN_NON_LITERAL_NULL_CONVERSION = YES;
				CLANG_WARN_OBJC_IMPLICIT_RETAIN_SELF = YES;
				CLANG_WARN_OBJC_LITERAL_CONVERSION = YES;
				CLANG_WARN_OBJC_ROOT_CLASS = YES_ERROR;
				CLANG_WARN_RANGE_LOOP_ANALYSIS = YES;
				CLANG_WARN_STRICT_PROTOTYPES = YES;
				CLANG_WARN_SUSPICIOUS_MOVE = YES;
				CLANG_WARN_UNGUARDED_AVAILABILITY = YES_AGGRESSIVE;
				CLANG_WARN_UNREACHABLE_CODE = YES;
				CLANG_WARN__DUPLICATE_METHOD_MATCH = YES;
				COPY_PHASE_STRIP = NO;
				DEBUG_INFORMATION_FORMAT = dwarf;
				ENABLE_STRICT_OBJC_MSGSEND = YES;
				ENABLE_TESTABILITY = YES;
				GCC_C_LANGUAGE_STANDARD = gnu11;
				GCC_DYNAMIC_NO_PIC = NO;
				GCC_NO_COMMON_BLOCKS = YES;
				GCC_OPTIMIZATION_LEVEL = 0;
				GCC_PREPROCESSOR_DEFINITIONS = (
					"DEBUG=1",
					"$(inherited)",
				);
				GCC_WARN_64_TO_32_BIT_CONVERSION = YES;
				GCC_WARN_ABOUT_RETURN_TYPE = YES_ERROR;
				GCC_WARN_UNDECLARED_SELECTOR = YES;
				GCC_WARN_UNINITIALIZED_AUTOS = YES_AGGRESSIVE;
				GCC_WARN_UNUSED_FUNCTION = YES;
				GCC_WARN_UNUSED_VARIABLE = YES;
				IPHONEOS_DEPLOYMENT_TARGET = 13.2;
				MTL_ENABLE_DEBUG_INFO = INCLUDE_SOURCE;
				MTL_FAST_MATH = YES;
				ONLY_ACTIVE_ARCH = YES;
				SDKROOT = iphoneos;
				SWIFT_ACTIVE_COMPILATION_CONDITIONS = DEBUG;
				SWIFT_OPTIMIZATION_LEVEL = "-Onone";
			};
			name = Debug;
		};
		20C2A01B241F5969008AFC88 /* Release */ = {
			isa = XCBuildConfiguration;
			buildSettings = {
				ALWAYS_SEARCH_USER_PATHS = NO;
				CLANG_ANALYZER_NONNULL = YES;
				CLANG_ANALYZER_NUMBER_OBJECT_CONVERSION = YES_AGGRESSIVE;
				CLANG_CXX_LANGUAGE_STANDARD = "gnu++14";
				CLANG_CXX_LIBRARY = "libc++";
				CLANG_ENABLE_MODULES = YES;
				CLANG_ENABLE_OBJC_ARC = YES;
				CLANG_ENABLE_OBJC_WEAK = YES;
				CLANG_WARN_BLOCK_CAPTURE_AUTORELEASING = YES;
				CLANG_WARN_BOOL_CONVERSION = YES;
				CLANG_WARN_COMMA = YES;
				CLANG_WARN_CONSTANT_CONVERSION = YES;
				CLANG_WARN_DEPRECATED_OBJC_IMPLEMENTATIONS = YES;
				CLANG_WARN_DIRECT_OBJC_ISA_USAGE = YES_ERROR;
				CLANG_WARN_DOCUMENTATION_COMMENTS = YES;
				CLANG_WARN_EMPTY_BODY = YES;
				CLANG_WARN_ENUM_CONVERSION = YES;
				CLANG_WARN_INFINITE_RECURSION = YES;
				CLANG_WARN_INT_CONVERSION = YES;
				CLANG_WARN_NON_LITERAL_NULL_CONVERSION = YES;
				CLANG_WARN_OBJC_IMPLICIT_RETAIN_SELF = YES;
				CLANG_WARN_OBJC_LITERAL_CONVERSION = YES;
				CLANG_WARN_OBJC_ROOT_CLASS = YES_ERROR;
				CLANG_WARN_RANGE_LOOP_ANALYSIS = YES;
				CLANG_WARN_STRICT_PROTOTYPES = YES;
				CLANG_WARN_SUSPICIOUS_MOVE = YES;
				CLANG_WARN_UNGUARDED_AVAILABILITY = YES_AGGRESSIVE;
				CLANG_WARN_UNREACHABLE_CODE = YES;
				CLANG_WARN__DUPLICATE_METHOD_MATCH = YES;
				COPY_PHASE_STRIP = NO;
				DEBUG_INFORMATION_FORMAT = "dwarf-with-dsym";
				ENABLE_NS_ASSERTIONS = NO;
				ENABLE_STRICT_OBJC_MSGSEND = YES;
				GCC_C_LANGUAGE_STANDARD = gnu11;
				GCC_NO_COMMON_BLOCKS = YES;
				GCC_WARN_64_TO_32_BIT_CONVERSION = YES;
				GCC_WARN_ABOUT_RETURN_TYPE = YES_ERROR;
				GCC_WARN_UNDECLARED_SELECTOR = YES;
				GCC_WARN_UNINITIALIZED_AUTOS = YES_AGGRESSIVE;
				GCC_WARN_UNUSED_FUNCTION = YES;
				GCC_WARN_UNUSED_VARIABLE = YES;
				IPHONEOS_DEPLOYMENT_TARGET = 13.2;
				MTL_ENABLE_DEBUG_INFO = NO;
				MTL_FAST_MATH = YES;
				SDKROOT = iphoneos;
				SWIFT_COMPILATION_MODE = wholemodule;
				SWIFT_OPTIMIZATION_LEVEL = "-O";
				VALIDATE_PRODUCT = YES;
			};
			name = Release;
		};
		20C2A01D241F5969008AFC88 /* Debug */ = {
			isa = XCBuildConfiguration;
			buildSettings = {
				ASSETCATALOG_COMPILER_APPICON_NAME = AppIcon;
				CODE_SIGN_STYLE = Automatic;
				DEVELOPMENT_TEAM = J8A5ZAM5GV;
				INFOPLIST_FILE = "$(SRCROOT)/SterlingAssessment/Supporting Files/Info.plist";
				IPHONEOS_DEPLOYMENT_TARGET = 11.0;
				LD_RUNPATH_SEARCH_PATHS = (
					"$(inherited)",
					"@executable_path/Frameworks",
				);
				PRODUCT_BUNDLE_IDENTIFIER = com.oluwatobiomotayo.SterlingAssessment;
				PRODUCT_NAME = "$(TARGET_NAME)";
				SWIFT_VERSION = 5.0;
				TARGETED_DEVICE_FAMILY = 1;
			};
			name = Debug;
		};
		20C2A01E241F5969008AFC88 /* Release */ = {
			isa = XCBuildConfiguration;
			buildSettings = {
				ASSETCATALOG_COMPILER_APPICON_NAME = AppIcon;
				CODE_SIGN_STYLE = Automatic;
				DEVELOPMENT_TEAM = J8A5ZAM5GV;
				INFOPLIST_FILE = "$(SRCROOT)/SterlingAssessment/Supporting Files/Info.plist";
				IPHONEOS_DEPLOYMENT_TARGET = 11.0;
				LD_RUNPATH_SEARCH_PATHS = (
					"$(inherited)",
					"@executable_path/Frameworks",
				);
				PRODUCT_BUNDLE_IDENTIFIER = com.oluwatobiomotayo.SterlingAssessment;
				PRODUCT_NAME = "$(TARGET_NAME)";
				SWIFT_VERSION = 5.0;
				TARGETED_DEVICE_FAMILY = 1;
			};
			name = Release;
		};
		20C2A039241F64DB008AFC88 /* Debug */ = {
			isa = XCBuildConfiguration;
			buildSettings = {
				BUNDLE_LOADER = "$(TEST_HOST)";
				CODE_SIGN_STYLE = Automatic;
				DEVELOPMENT_TEAM = J8A5ZAM5GV;
				INFOPLIST_FILE = SterlingAssessmentUnitTests/Info.plist;
				LD_RUNPATH_SEARCH_PATHS = (
					"$(inherited)",
					"@executable_path/Frameworks",
					"@loader_path/Frameworks",
				);
				PRODUCT_BUNDLE_IDENTIFIER = com.oluwatobiomotayo.SterlingAssessmentUnitTests;
				PRODUCT_NAME = "$(TARGET_NAME)";
				SWIFT_VERSION = 5.0;
				TARGETED_DEVICE_FAMILY = "1,2";
				TEST_HOST = "$(BUILT_PRODUCTS_DIR)/SterlingAssessment.app/SterlingAssessment";
			};
			name = Debug;
		};
		20C2A03A241F64DB008AFC88 /* Release */ = {
			isa = XCBuildConfiguration;
			buildSettings = {
				BUNDLE_LOADER = "$(TEST_HOST)";
				CODE_SIGN_STYLE = Automatic;
				DEVELOPMENT_TEAM = J8A5ZAM5GV;
				INFOPLIST_FILE = SterlingAssessmentUnitTests/Info.plist;
				LD_RUNPATH_SEARCH_PATHS = (
					"$(inherited)",
					"@executable_path/Frameworks",
					"@loader_path/Frameworks",
				);
				PRODUCT_BUNDLE_IDENTIFIER = com.oluwatobiomotayo.SterlingAssessmentUnitTests;
				PRODUCT_NAME = "$(TARGET_NAME)";
				SWIFT_VERSION = 5.0;
				TARGETED_DEVICE_FAMILY = "1,2";
				TEST_HOST = "$(BUILT_PRODUCTS_DIR)/SterlingAssessment.app/SterlingAssessment";
			};
			name = Release;
		};
/* End XCBuildConfiguration section */

/* Begin XCConfigurationList section */
		20C2A003241F5968008AFC88 /* Build configuration list for PBXProject "SterlingAssessment" */ = {
			isa = XCConfigurationList;
			buildConfigurations = (
				20C2A01A241F5969008AFC88 /* Debug */,
				20C2A01B241F5969008AFC88 /* Release */,
			);
			defaultConfigurationIsVisible = 0;
			defaultConfigurationName = Release;
		};
		20C2A01C241F5969008AFC88 /* Build configuration list for PBXNativeTarget "SterlingAssessment" */ = {
			isa = XCConfigurationList;
			buildConfigurations = (
				20C2A01D241F5969008AFC88 /* Debug */,
				20C2A01E241F5969008AFC88 /* Release */,
			);
			defaultConfigurationIsVisible = 0;
			defaultConfigurationName = Release;
		};
		20C2A038241F64DB008AFC88 /* Build configuration list for PBXNativeTarget "SterlingAssessmentUnitTests" */ = {
			isa = XCConfigurationList;
			buildConfigurations = (
				20C2A039241F64DB008AFC88 /* Debug */,
				20C2A03A241F64DB008AFC88 /* Release */,
			);
			defaultConfigurationIsVisible = 0;
			defaultConfigurationName = Release;
		};
/* End XCConfigurationList section */
	};
	rootObject = 20C2A000241F5968008AFC88 /* Project object */;
}
